// !$*UTF8*$!
{
	archiveVersion = 1;
	classes = {
	};
	objectVersion = 46;
	objects = {

/* Begin PBXBuildFile section */
		E5C9FD6B1CBF411600B1C2AF /* main.m in Sources */ = {isa = PBXBuildFile; fileRef = E5C9FD6A1CBF411600B1C2AF /* main.m */; };
		E5C9FD6E1CBF411600B1C2AF /* AppDelegate.m in Sources */ = {isa = PBXBuildFile; fileRef = E5C9FD6D1CBF411600B1C2AF /* AppDelegate.m */; };
		E5C9FD711CBF411600B1C2AF /* MasterViewController.m in Sources */ = {isa = PBXBuildFile; fileRef = E5C9FD701CBF411600B1C2AF /* MasterViewController.m */; };
		E5C9FD741CBF411600B1C2AF /* DetailViewController.m in Sources */ = {isa = PBXBuildFile; fileRef = E5C9FD731CBF411600B1C2AF /* DetailViewController.m */; };
		E5C9FD771CBF411600B1C2AF /* Main.storyboard in Resources */ = {isa = PBXBuildFile; fileRef = E5C9FD751CBF411600B1C2AF /* Main.storyboard */; };
		E5C9FD791CBF411600B1C2AF /* Assets.xcassets in Resources */ = {isa = PBXBuildFile; fileRef = E5C9FD781CBF411600B1C2AF /* Assets.xcassets */; };
		E5C9FD7C1CBF411600B1C2AF /* LaunchScreen.storyboard in Resources */ = {isa = PBXBuildFile; fileRef = E5C9FD7A1CBF411600B1C2AF /* LaunchScreen.storyboard */; };
		E5C9FD871CBF411600B1C2AF /* testTests.m in Sources */ = {isa = PBXBuildFile; fileRef = E5C9FD861CBF411600B1C2AF /* testTests.m */; };
		E5C9FD921CBF411600B1C2AF /* testUITests.m in Sources */ = {isa = PBXBuildFile; fileRef = E5C9FD911CBF411600B1C2AF /* testUITests.m */; };
/* End PBXBuildFile section */

/* Begin PBXContainerItemProxy section */
		E5C9FD831CBF411600B1C2AF /* PBXContainerItemProxy */ = {
			isa = PBXContainerItemProxy;
			containerPortal = E5C9FD5E1CBF411500B1C2AF /* Project object */;
			proxyType = 1;
			remoteGlobalIDString = E5C9FD651CBF411600B1C2AF;
			remoteInfo = test;
		};
		E5C9FD8E1CBF411600B1C2AF /* PBXContainerItemProxy */ = {
			isa = PBXContainerItemProxy;
			containerPortal = E5C9FD5E1CBF411500B1C2AF /* Project object */;
			proxyType = 1;
			remoteGlobalIDString = E5C9FD651CBF411600B1C2AF;
			remoteInfo = test;
		};
/* End PBXContainerItemProxy section */

/* Begin PBXFileReference section */
		E5C9FD661CBF411600B1C2AF /* test.app */ = {isa = PBXFileReference; explicitFileType = wrapper.application; includeInIndex = 0; path = test.app; sourceTree = BUILT_PRODUCTS_DIR; };
		E5C9FD6A1CBF411600B1C2AF /* main.m */ = {isa = PBXFileReference; lastKnownFileType = sourcecode.c.objc; path = main.m; sourceTree = "<group>"; };
		E5C9FD6C1CBF411600B1C2AF /* AppDelegate.h */ = {isa = PBXFileReference; lastKnownFileType = sourcecode.c.h; path = AppDelegate.h; sourceTree = "<group>"; };
		E5C9FD6D1CBF411600B1C2AF /* AppDelegate.m */ = {isa = PBXFileReference; lastKnownFileType = sourcecode.c.objc; path = AppDelegate.m; sourceTree = "<group>"; };
		E5C9FD6F1CBF411600B1C2AF /* MasterViewController.h */ = {isa = PBXFileReference; lastKnownFileType = sourcecode.c.h; path = MasterViewController.h; sourceTree = "<group>"; };
		E5C9FD701CBF411600B1C2AF /* MasterViewController.m */ = {isa = PBXFileReference; lastKnownFileType = sourcecode.c.objc; path = MasterViewController.m; sourceTree = "<group>"; };
		E5C9FD721CBF411600B1C2AF /* DetailViewController.h */ = {isa = PBXFileReference; lastKnownFileType = sourcecode.c.h; path = DetailViewController.h; sourceTree = "<group>"; };
		E5C9FD731CBF411600B1C2AF /* DetailViewController.m */ = {isa = PBXFileReference; lastKnownFileType = sourcecode.c.objc; path = DetailViewController.m; sourceTree = "<group>"; };
		E5C9FD761CBF411600B1C2AF /* Base */ = {isa = PBXFileReference; lastKnownFileType = file.storyboard; name = Base; path = Base.lproj/Main.storyboard; sourceTree = "<group>"; };
		E5C9FD781CBF411600B1C2AF /* Assets.xcassets */ = {isa = PBXFileReference; lastKnownFileType = folder.assetcatalog; path = Assets.xcassets; sourceTree = "<group>"; };
		E5C9FD7B1CBF411600B1C2AF /* Base */ = {isa = PBXFileReference; lastKnownFileType = file.storyboard; name = Base; path = Base.lproj/LaunchScreen.storyboard; sourceTree = "<group>"; };
		E5C9FD7D1CBF411600B1C2AF /* Info.plist */ = {isa = PBXFileReference; lastKnownFileType = text.plist.xml; path = Info.plist; sourceTree = "<group>"; };
		E5C9FD821CBF411600B1C2AF /* testTests.xctest */ = {isa = PBXFileReference; explicitFileType = wrapper.cfbundle; includeInIndex = 0; path = testTests.xctest; sourceTree = BUILT_PRODUCTS_DIR; };
		E5C9FD861CBF411600B1C2AF /* testTests.m */ = {isa = PBXFileReference; lastKnownFileType = sourcecode.c.objc; path = testTests.m; sourceTree = "<group>"; };
		E5C9FD881CBF411600B1C2AF /* Info.plist */ = {isa = PBXFileReference; lastKnownFileType = text.plist.xml; path = Info.plist; sourceTree = "<group>"; };
		E5C9FD8D1CBF411600B1C2AF /* testUITests.xctest */ = {isa = PBXFileReference; explicitFileType = wrapper.cfbundle; includeInIndex = 0; path = testUITests.xctest; sourceTree = BUILT_PRODUCTS_DIR; };
		E5C9FD911CBF411600B1C2AF /* testUITests.m */ = {isa = PBXFileReference; lastKnownFileType = sourcecode.c.objc; path = testUITests.m; sourceTree = "<group>"; };
		E5C9FD931CBF411600B1C2AF /* Info.plist */ = {isa = PBXFileReference; lastKnownFileType = text.plist.xml; path = Info.plist; sourceTree = "<group>"; };
/* End PBXFileReference section */

/* Begin PBXFrameworksBuildPhase section */
		E5C9FD631CBF411600B1C2AF /* Frameworks */ = {
			isa = PBXFrameworksBuildPhase;
			buildActionMask = 2147483647;
			files = (
			);
			runOnlyForDeploymentPostprocessing = 0;
		};
		E5C9FD7F1CBF411600B1C2AF /* Frameworks */ = {
			isa = PBXFrameworksBuildPhase;
			buildActionMask = 2147483647;
			files = (
			);
			runOnlyForDeploymentPostprocessing = 0;
		};
		E5C9FD8A1CBF411600B1C2AF /* Frameworks */ = {
			isa = PBXFrameworksBuildPhase;
			buildActionMask = 2147483647;
			files = (
			);
			runOnlyForDeploymentPostprocessing = 0;
		};
/* End PBXFrameworksBuildPhase section */

/* Begin PBXGroup section */
		E5C9FD5D1CBF411500B1C2AF = {
			isa = PBXGroup;
			children = (
				E5C9FD681CBF411600B1C2AF /* test */,
				E5C9FD851CBF411600B1C2AF /* testTests */,
				E5C9FD901CBF411600B1C2AF /* testUITests */,
				E5C9FD671CBF411600B1C2AF /* Products */,
			);
			sourceTree = "<group>";
		};
		E5C9FD671CBF411600B1C2AF /* Products */ = {
			isa = PBXGroup;
			children = (
				E5C9FD661CBF411600B1C2AF /* test.app */,
				E5C9FD821CBF411600B1C2AF /* testTests.xctest */,
				E5C9FD8D1CBF411600B1C2AF /* testUITests.xctest */,
			);
			name = Products;
			sourceTree = "<group>";
		};
		E5C9FD681CBF411600B1C2AF /* test */ = {
			isa = PBXGroup;
			children = (
				E5C9FD6C1CBF411600B1C2AF /* AppDelegate.h */,
				E5C9FD6D1CBF411600B1C2AF /* AppDelegate.m */,
				E5C9FD6F1CBF411600B1C2AF /* MasterViewController.h */,
				E5C9FD701CBF411600B1C2AF /* MasterViewController.m */,
				E5C9FD721CBF411600B1C2AF /* DetailViewController.h */,
				E5C9FD731CBF411600B1C2AF /* DetailViewController.m */,
				E5C9FD751CBF411600B1C2AF /* Main.storyboard */,
				E5C9FD781CBF411600B1C2AF /* Assets.xcassets */,
				E5C9FD7A1CBF411600B1C2AF /* LaunchScreen.storyboard */,
				E5C9FD7D1CBF411600B1C2AF /* Info.plist */,
				E5C9FD691CBF411600B1C2AF /* Supporting Files */,
			);
			path = test;
			sourceTree = "<group>";
		};
		E5C9FD691CBF411600B1C2AF /* Supporting Files */ = {
			isa = PBXGroup;
			children = (
				E5C9FD6A1CBF411600B1C2AF /* main.m */,
			);
			name = "Supporting Files";
			sourceTree = "<group>";
		};
		E5C9FD851CBF411600B1C2AF /* testTests */ = {
			isa = PBXGroup;
			children = (
				E5C9FD861CBF411600B1C2AF /* testTests.m */,
				E5C9FD881CBF411600B1C2AF /* Info.plist */,
			);
			path = testTests;
			sourceTree = "<group>";
		};
		E5C9FD901CBF411600B1C2AF /* testUITests */ = {
			isa = PBXGroup;
			children = (
				E5C9FD911CBF411600B1C2AF /* testUITests.m */,
				E5C9FD931CBF411600B1C2AF /* Info.plist */,
			);
			path = testUITests;
			sourceTree = "<group>";
		};
/* End PBXGroup section */

/* Begin PBXNativeTarget section */
		E5C9FD651CBF411600B1C2AF /* test */ = {
			isa = PBXNativeTarget;
			buildConfigurationList = E5C9FD961CBF411600B1C2AF /* Build configuration list for PBXNativeTarget "test" */;
			buildPhases = (
				E5C9FD621CBF411600B1C2AF /* Sources */,
				E5C9FD631CBF411600B1C2AF /* Frameworks */,
				E5C9FD641CBF411600B1C2AF /* Resources */,
			);
			buildRules = (
			);
			dependencies = (
			);
			name = test;
			productName = test;
			productReference = E5C9FD661CBF411600B1C2AF /* test.app */;
			productType = "com.apple.product-type.application";
		};
		E5C9FD811CBF411600B1C2AF /* testTests */ = {
			isa = PBXNativeTarget;
			buildConfigurationList = E5C9FD991CBF411600B1C2AF /* Build configuration list for PBXNativeTarget "testTests" */;
			buildPhases = (
				E5C9FD7E1CBF411600B1C2AF /* Sources */,
				E5C9FD7F1CBF411600B1C2AF /* Frameworks */,
				E5C9FD801CBF411600B1C2AF /* Resources */,
			);
			buildRules = (
			);
			dependencies = (
				E5C9FD841CBF411600B1C2AF /* PBXTargetDependency */,
			);
			name = testTests;
			productName = testTests;
			productReference = E5C9FD821CBF411600B1C2AF /* testTests.xctest */;
			productType = "com.apple.product-type.bundle.unit-test";
		};
		E5C9FD8C1CBF411600B1C2AF /* testUITests */ = {
			isa = PBXNativeTarget;
			buildConfigurationList = E5C9FD9C1CBF411600B1C2AF /* Build configuration list for PBXNativeTarget "testUITests" */;
			buildPhases = (
				E5C9FD891CBF411600B1C2AF /* Sources */,
				E5C9FD8A1CBF411600B1C2AF /* Frameworks */,
				E5C9FD8B1CBF411600B1C2AF /* Resources */,
			);
			buildRules = (
			);
			dependencies = (
				E5C9FD8F1CBF411600B1C2AF /* PBXTargetDependency */,
			);
			name = testUITests;
			productName = testUITests;
			productReference = E5C9FD8D1CBF411600B1C2AF /* testUITests.xctest */;
			productType = "com.apple.product-type.bundle.ui-testing";
		};
/* End PBXNativeTarget section */

/* Begin PBXProject section */
		E5C9FD5E1CBF411500B1C2AF /* Project object */ = {
			isa = PBXProject;
			attributes = {
				LastUpgradeCheck = 0720;
				ORGANIZATIONNAME = "张潮";
				TargetAttributes = {
					E5C9FD651CBF411600B1C2AF = {
						CreatedOnToolsVersion = 7.2.1;
					};
					E5C9FD811CBF411600B1C2AF = {
						CreatedOnToolsVersion = 7.2.1;
						TestTargetID = E5C9FD651CBF411600B1C2AF;
					};
					E5C9FD8C1CBF411600B1C2AF = {
						CreatedOnToolsVersion = 7.2.1;
						TestTargetID = E5C9FD651CBF411600B1C2AF;
					};
				};
			};
			buildConfigurationList = E5C9FD611CBF411600B1C2AF /* Build configuration list for PBXProject "test" */;
			compatibilityVersion = "Xcode 3.2";
			developmentRegion = English;
			hasScannedForEncodings = 0;
			knownRegions = (
				en,
				Base,
			);
			mainGroup = E5C9FD5D1CBF411500B1C2AF;
			productRefGroup = E5C9FD671CBF411600B1C2AF /* Products */;
			projectDirPath = "";
			projectRoot = "";
			targets = (
				E5C9FD651CBF411600B1C2AF /* test */,
				E5C9FD811CBF411600B1C2AF /* testTests */,
				E5C9FD8C1CBF411600B1C2AF /* testUITests */,
			);
		};
/* End PBXProject section */

/* Begin PBXResourcesBuildPhase section */
		E5C9FD641CBF411600B1C2AF /* Resources */ = {
			isa = PBXResourcesBuildPhase;
			buildActionMask = 2147483647;
			files = (
				E5C9FD7C1CBF411600B1C2AF /* LaunchScreen.storyboard in Resources */,
				E5C9FD791CBF411600B1C2AF /* Assets.xcassets in Resources */,
				E5C9FD771CBF411600B1C2AF /* Main.storyboard in Resources */,
			);
			runOnlyForDeploymentPostprocessing = 0;
		};
		E5C9FD801CBF411600B1C2AF /* Resources */ = {
			isa = PBXResourcesBuildPhase;
			buildActionMask = 2147483647;
			files = (
			);
			runOnlyForDeploymentPostprocessing = 0;
		};
		E5C9FD8B1CBF411600B1C2AF /* Resources */ = {
			isa = PBXResourcesBuildPhase;
			buildActionMask = 2147483647;
			files = (
			);
			runOnlyForDeploymentPostprocessing = 0;
		};
/* End PBXResourcesBuildPhase section */

/* Begin PBXSourcesBuildPhase section */
		E5C9FD621CBF411600B1C2AF /* Sources */ = {
			isa = PBXSourcesBuildPhase;
			buildActionMask = 2147483647;
			files = (
				E5C9FD6E1CBF411600B1C2AF /* AppDelegate.m in Sources */,
				E5C9FD711CBF411600B1C2AF /* MasterViewController.m in Sources */,
				E5C9FD6B1CBF411600B1C2AF /* main.m in Sources */,
				E5C9FD741CBF411600B1C2AF /* DetailViewController.m in Sources */,
			);
			runOnlyForDeploymentPostprocessing = 0;
		};
		E5C9FD7E1CBF411600B1C2AF /* Sources */ = {
			isa = PBXSourcesBuildPhase;
			buildActionMask = 2147483647;
			files = (
				E5C9FD871CBF411600B1C2AF /* testTests.m in Sources */,
			);
			runOnlyForDeploymentPostprocessing = 0;
		};
		E5C9FD891CBF411600B1C2AF /* Sources */ = {
			isa = PBXSourcesBuildPhase;
			buildActionMask = 2147483647;
			files = (
				E5C9FD921CBF411600B1C2AF /* testUITests.m in Sources */,
			);
			runOnlyForDeploymentPostprocessing = 0;
		};
/* End PBXSourcesBuildPhase section */

/* Begin PBXTargetDependency section */
		E5C9FD841CBF411600B1C2AF /* PBXTargetDependency */ = {
			isa = PBXTargetDependency;
			target = E5C9FD651CBF411600B1C2AF /* test */;
			targetProxy = E5C9FD831CBF411600B1C2AF /* PBXContainerItemProxy */;
		};
		E5C9FD8F1CBF411600B1C2AF /* PBXTargetDependency */ = {
			isa = PBXTargetDependency;
			target = E5C9FD651CBF411600B1C2AF /* test */;
			targetProxy = E5C9FD8E1CBF411600B1C2AF /* PBXContainerItemProxy */;
		};
/* End PBXTargetDependency section */

/* Begin PBXVariantGroup section */
		E5C9FD751CBF411600B1C2AF /* Main.storyboard */ = {
			isa = PBXVariantGroup;
			children = (
				E5C9FD761CBF411600B1C2AF /* Base */,
			);
			name = Main.storyboard;
			sourceTree = "<group>";
		};
		E5C9FD7A1CBF411600B1C2AF /* LaunchScreen.storyboard */ = {
			isa = PBXVariantGroup;
			children = (
				E5C9FD7B1CBF411600B1C2AF /* Base */,
			);
			name = LaunchScreen.storyboard;
			sourceTree = "<group>";
		};
/* End PBXVariantGroup section */

/* Begin XCBuildConfiguration section */
		E5C9FD941CBF411600B1C2AF /* Debug */ = {
			isa = XCBuildConfiguration;
			buildSettings = {
				ALWAYS_SEARCH_USER_PATHS = NO;
				CLANG_CXX_LANGUAGE_STANDARD = "gnu++0x";
				CLANG_CXX_LIBRARY = "libc++";
				CLANG_ENABLE_MODULES = YES;
				CLANG_ENABLE_OBJC_ARC = YES;
				CLANG_WARN_BOOL_CONVERSION = YES;
				CLANG_WARN_CONSTANT_CONVERSION = YES;
				CLANG_WARN_DIRECT_OBJC_ISA_USAGE = YES_ERROR;
				CLANG_WARN_EMPTY_BODY = YES;
				CLANG_WARN_ENUM_CONVERSION = YES;
				CLANG_WARN_INT_CONVERSION = YES;
				CLANG_WARN_OBJC_ROOT_CLASS = YES_ERROR;
				CLANG_WARN_UNREACHABLE_CODE = YES;
				CLANG_WARN__DUPLICATE_METHOD_MATCH = YES;
				"CODE_SIGN_IDENTITY[sdk=iphoneos*]" = "iPhone Developer";
				COPY_PHASE_STRIP = NO;
				DEBUG_INFORMATION_FORMAT = dwarf;
				ENABLE_STRICT_OBJC_MSGSEND = YES;
				ENABLE_TESTABILITY = YES;
				GCC_C_LANGUAGE_STANDARD = gnu99;
				GCC_DYNAMIC_NO_PIC = NO;
				GCC_NO_COMMON_BLOCKS = YES;
				GCC_OPTIMIZATION_LEVEL = 0;
				GCC_PREPROCESSOR_DEFINITIONS = (
					"DEBUG=1",
					"$(inherited)",
				);
				GCC_WARN_64_TO_32_BIT_CONVERSION = YES;
				GCC_WARN_ABOUT_RETURN_TYPE = YES_ERROR;
				GCC_WARN_UNDECLARED_SELECTOR = YES;
				GCC_WARN_UNINITIALIZED_AUTOS = YES_AGGRESSIVE;
				GCC_WARN_UNUSED_FUNCTION = YES;
				GCC_WARN_UNUSED_VARIABLE = YES;
				IPHONEOS_DEPLOYMENT_TARGET = 9.2;
				MTL_ENABLE_DEBUG_INFO = YES;
				ONLY_ACTIVE_ARCH = YES;
				SDKROOT = iphoneos;
				TARGETED_DEVICE_FAMILY = "1,2";
			};
			name = Debug;
		};
		E5C9FD951CBF411600B1C2AF /* Release */ = {
			isa = XCBuildConfiguration;
			buildSettings = {
				ALWAYS_SEARCH_USER_PATHS = NO;
				CLANG_CXX_LANGUAGE_STANDARD = "gnu++0x";
				CLANG_CXX_LIBRARY = "libc++";
				CLANG_ENABLE_MODULES = YES;
				CLANG_ENABLE_OBJC_ARC = YES;
				CLANG_WARN_BOOL_CONVERSION = YES;
				CLANG_WARN_CONSTANT_CONVERSION = YES;
				CLANG_WARN_DIRECT_OBJC_ISA_USAGE = YES_ERROR;
				CLANG_WARN_EMPTY_BODY = YES;
				CLANG_WARN_ENUM_CONVERSION = YES;
				CLANG_WARN_INT_CONVERSION = YES;
				CLANG_WARN_OBJC_ROOT_CLASS = YES_ERROR;
				CLANG_WARN_UNREACHABLE_CODE = YES;
				CLANG_WARN__DUPLICATE_METHOD_MATCH = YES;
				"CODE_SIGN_IDENTITY[sdk=iphoneos*]" = "iPhone Developer";
				COPY_PHASE_STRIP = NO;
				DEBUG_INFORMATION_FORMAT = "dwarf-with-dsym";
				ENABLE_NS_ASSERTIONS = NO;
				ENABLE_STRICT_OBJC_MSGSEND = YES;
				GCC_C_LANGUAGE_STANDARD = gnu99;
				GCC_NO_COMMON_BLOCKS = YES;
				GCC_WARN_64_TO_32_BIT_CONVERSION = YES;
				GCC_WARN_ABOUT_RETURN_TYPE = YES_ERROR;
				GCC_WARN_UNDECLARED_SELECTOR = YES;
				GCC_WARN_UNINITIALIZED_AUTOS = YES_AGGRESSIVE;
				GCC_WARN_UNUSED_FUNCTION = YES;
				GCC_WARN_UNUSED_VARIABLE = YES;
				IPHONEOS_DEPLOYMENT_TARGET = 9.2;
				MTL_ENABLE_DEBUG_INFO = NO;
				SDKROOT = iphoneos;
				TARGETED_DEVICE_FAMILY = "1,2";
				VALIDATE_PRODUCT = YES;
			};
			name = Release;
		};
		E5C9FD971CBF411600B1C2AF /* Debug */ = {
			isa = XCBuildConfiguration;
			buildSettings = {
				ASSETCATALOG_COMPILER_APPICON_NAME = AppIcon;
				INFOPLIST_FILE = test/Info.plist;
				LD_RUNPATH_SEARCH_PATHS = "$(inherited) @executable_path/Frameworks";
				PRODUCT_BUNDLE_IDENTIFIER = "-.test";
				PRODUCT_NAME = "$(TARGET_NAME)";
			};
			name = Debug;
		};
		E5C9FD981CBF411600B1C2AF /* Release */ = {
			isa = XCBuildConfiguration;
			buildSettings = {
				ASSETCATALOG_COMPILER_APPICON_NAME = AppIcon;
				INFOPLIST_FILE = test/Info.plist;
				LD_RUNPATH_SEARCH_PATHS = "$(inherited) @executable_path/Frameworks";
				PRODUCT_BUNDLE_IDENTIFIER = "-.test";
				PRODUCT_NAME = "$(TARGET_NAME)";
			};
			name = Release;
		};
		E5C9FD9A1CBF411600B1C2AF /* Debug */ = {
			isa = XCBuildConfiguration;
			buildSettings = {
				BUNDLE_LOADER = "$(TEST_HOST)";
				INFOPLIST_FILE = testTests/Info.plist;
				LD_RUNPATH_SEARCH_PATHS = "$(inherited) @executable_path/Frameworks @loader_path/Frameworks";
				PRODUCT_BUNDLE_IDENTIFIER = "-.testTests";
				PRODUCT_NAME = "$(TARGET_NAME)";
				TEST_HOST = "$(BUILT_PRODUCTS_DIR)/test.app/test";
			};
			name = Debug;
		};
		E5C9FD9B1CBF411600B1C2AF /* Release */ = {
			isa = XCBuildConfiguration;
			buildSettings = {
				BUNDLE_LOADER = "$(TEST_HOST)";
				INFOPLIST_FILE = testTests/Info.plist;
				LD_RUNPATH_SEARCH_PATHS = "$(inherited) @executable_path/Frameworks @loader_path/Frameworks";
				PRODUCT_BUNDLE_IDENTIFIER = "-.testTests";
				PRODUCT_NAME = "$(TARGET_NAME)";
				TEST_HOST = "$(BUILT_PRODUCTS_DIR)/test.app/test";
			};
			name = Release;
		};
		E5C9FD9D1CBF411600B1C2AF /* Debug */ = {
			isa = XCBuildConfiguration;
			buildSettings = {
				INFOPLIST_FILE = testUITests/Info.plist;
				LD_RUNPATH_SEARCH_PATHS = "$(inherited) @executable_path/Frameworks @loader_path/Frameworks";
				PRODUCT_BUNDLE_IDENTIFIER = "-.testUITests";
				PRODUCT_NAME = "$(TARGET_NAME)";
				TEST_TARGET_NAME = test;
				USES_XCTRUNNER = YES;
			};
			name = Debug;
		};
		E5C9FD9E1CBF411600B1C2AF /* Release */ = {
			isa = XCBuildConfiguration;
			buildSettings = {
				INFOPLIST_FILE = testUITests/Info.plist;
				LD_RUNPATH_SEARCH_PATHS = "$(inherited) @executable_path/Frameworks @loader_path/Frameworks";
				PRODUCT_BUNDLE_IDENTIFIER = "-.testUITests";
				PRODUCT_NAME = "$(TARGET_NAME)";
				TEST_TARGET_NAME = test;
				USES_XCTRUNNER = YES;
			};
			name = Release;
		};
/* End XCBuildConfiguration section */

/* Begin XCConfigurationList section */
		E5C9FD611CBF411600B1C2AF /* Build configuration list for PBXProject "test" */ = {
			isa = XCConfigurationList;
			buildConfigurations = (
				E5C9FD941CBF411600B1C2AF /* Debug */,
				E5C9FD951CBF411600B1C2AF /* Release */,
			);
			defaultConfigurationIsVisible = 0;
			defaultConfigurationName = Release;
		};
		E5C9FD961CBF411600B1C2AF /* Build configuration list for PBXNativeTarget "test" */ = {
			isa = XCConfigurationList;
			buildConfigurations = (
				E5C9FD971CBF411600B1C2AF /* Debug */,
				E5C9FD981CBF411600B1C2AF /* Release */,
			);
			defaultConfigurationIsVisible = 0;
		};
		E5C9FD991CBF411600B1C2AF /* Build configuration list for PBXNativeTarget "testTests" */ = {
			isa = XCConfigurationList;
			buildConfigurations = (
				E5C9FD9A1CBF411600B1C2AF /* Debug */,
				E5C9FD9B1CBF411600B1C2AF /* Release */,
			);
			defaultConfigurationIsVisible = 0;
		};
		E5C9FD9C1CBF411600B1C2AF /* Build configuration list for PBXNativeTarget "testUITests" */ = {
			isa = XCConfigurationList;
			buildConfigurations = (
				E5C9FD9D1CBF411600B1C2AF /* Debug */,
				E5C9FD9E1CBF411600B1C2AF /* Release */,
			);
			defaultConfigurationIsVisible = 0;
		};
/* End XCConfigurationList section */
	};
	rootObject = E5C9FD5E1CBF411500B1C2AF /* Project object */;
}
